# This file is automatically @generated by Cargo.
# It is not intended for manual editing.
version = 3

[[package]]
name = "basics"
version = "0.1.0"

[[package]]
name = "cache-padded"
version = "1.1.1"
source = "registry+https://github.com/rust-lang/crates.io-index"
checksum = "631ae5198c9be5e753e5cc215e1bd73c2b466a3565173db433f52bb9d3e66dba"

[[package]]
name = "intermediate"
version = "0.1.0"
dependencies = [
 "ringbuf",
]

[[package]]
name = "ringbuf"
version = "0.2.6"
source = "registry+https://github.com/rust-lang/crates.io-index"
checksum = "6c60f3923939c33e6c543ddbff14d0ee6a407fcd186d560be37282559616adf3"
dependencies = [
 "cache-padded",
]
